{
  "name": "@dyliu0306/courseape",
  "version": "0.3.1",
  "lockfileVersion": 3,
  "requires": true,
  "packages": {
    "": {
      "name": "@dyliu0306/courseape",
      "version": "0.3.1",
      "license": "PolyForm-Noncommercial-1.0.0",
      "bin": {
        "courseape": "dist/index.js"
      },
      "devDependencies": {
        "@types/node": "^20.0.0",
        "typescript": "~5.7.0"
      },
      "engines": {
        "node": ">=18"
      },
      "optionalDependencies": {
        "@dyliu0306/courseape-darwin-arm64": "0.3.1",
        "@dyliu0306/courseape-darwin-x64": "0.3.1",
        "@dyliu0306/courseape-linux-arm64": "0.3.1",
        "@dyliu0306/courseape-linux-x64": "0.3.1",
        "@dyliu0306/courseape-win32-arm64": "0.3.1",
        "@dyliu0306/courseape-win32-x64": "0.3.1"
      }
    },
    "node_modules/@dyliu0306/courseape-darwin-arm64": {
      "version": "0.3.1",
      "resolved": "https://registry.npmjs.org/@dyliu0306/courseape-darwin-arm64/-/courseape-darwin-arm64-0.3.1.tgz",
      "integrity": "sha512-3fnTYIWdQkF9ovemYTA4a9ZJqKpDYAsg/exXF2ohjjJcH/lef9FGzKjoHAsxk4rtxUstOcTcmOOh9Sia9ZVtLA==",
      "cpu": [
        "arm64"
      ],
      "license": "PolyForm-Noncommercial-1.0.0",
      "optional": true,
      "os": [
        "darwin"
      ]
    },
    "node_modules/@dyliu0306/courseape-darwin-x64": {
      "version": "0.3.1",
      "resolved": "https://registry.npmjs.org/@dyliu0306/courseape-darwin-x64/-/courseape-darwin-x64-0.3.1.tgz",
      "integrity": "sha512-ca+WV0pUI9hsyYznBXwWf8YJ0AyqDMUBjkWowuv0agbcvfXcPL0tgniC7RB/GQ76GW4zn0++yLXLkj4T2oDs7w==",
      "cpu": [
        "x64"
      ],
      "license": "PolyForm-Noncommercial-1.0.0",
      "optional": true,
      "os": [
        "darwin"
      ]
    },
    "node_modules/@dyliu0306/courseape-linux-arm64": {
      "version": "0.3.1",
      "resolved": "https://registry.npmjs.org/@dyliu0306/courseape-linux-arm64/-/courseape-linux-arm64-0.3.1.tgz",
      "integrity": "sha512-SKACWHcIwxigRnkvXI+JmAGxcoFb8H+GRDqLbUxQD6R/lBSM+jCmNPjMMdPMOZ065kSje7UDLnIGXir8FmIMcQ==",
      "cpu": [
        "arm64"
      ],
      "license": "PolyForm-Noncommercial-1.0.0",
      "optional": true,
      "os": [
        "linux"
      ]
    },
    "node_modules/@dyliu0306/courseape-linux-x64": {
      "version": "0.3.1",
      "resolved": "https://registry.npmjs.org/@dyliu0306/courseape-linux-x64/-/courseape-linux-x64-0.3.1.tgz",
      "integrity": "sha512-VqADPxyxlzAeL/Du/AlrOaITK7legZ58A0m9c/g9SWRHSadMaLK17PtowghgsBP50CU4SRWZLjJWPim8Iqxexw==",
      "cpu": [
        "x64"
      ],
      "license": "PolyForm-Noncommercial-1.0.0",
      "optional": true,
      "os": [
        "linux"
      ]
    },
    "node_modules/@dyliu0306/courseape-win32-arm64": {
      "version": "0.3.1",
      "resolved": "https://registry.npmjs.org/@dyliu0306/courseape-win32-arm64/-/courseape-win32-arm64-0.3.1.tgz",
      "integrity": "sha512-NhJBIJoP3O0diJOp5bq/OsHi3OzHiqsbXOgu4CxwLE7or0xNUR0WWKb1CepV6B+ce25Q3rEaOrTAz61UDTOOmQ==",
      "cpu": [
        "arm64"
      ],
      "license": "PolyForm-Noncommercial-1.0.0",
      "optional": true,
      "os": [
        "win32"
      ]
    },
    "node_modules/@dyliu0306/courseape-win32-x64": {
      "version": "0.3.1",
      "resolved": "https://registry.npmjs.org/@dyliu0306/courseape-win32-x64/-/courseape-win32-x64-0.3.1.tgz",
      "integrity": "sha512-BCowUMl7ZdqcwTbRtZSs3xJJCtDG6v7ysMAC/bw1aFLjiIQ7NZJTR9v4GWEx2efTYJYxP3PVMjsyryJr4Dnefw==",
      "cpu": [
        "x64"
      ],
      "license": "PolyForm-Noncommercial-1.0.0",
      "optional": true,
      "os": [
        "win32"
      ]
    },
    "node_modules/@types/node": {
      "version": "20.19.43",
      "resolved": "https://registry.npmjs.org/@types/node/-/node-20.19.43.tgz",
      "integrity": "sha512-6oYBAi5ikg4Pl+kGsoYtawUMBT2zZMCvPNF7pVLnHZfd1zf38DRiWn/gT01RYCdUqkv7Fhr+C9ot4/tb+2sVvA==",
      "dev": true,
      "license": "MIT",
      "dependencies": {
        "undici-types": "~6.21.0"
      }
    },
    "node_modules/typescript": {
      "version": "5.7.3",
      "resolved": "https://registry.npmjs.org/typescript/-/typescript-5.7.3.tgz",
      "integrity": "sha512-84MVSjMEHP+FQRPy3pX9sTVV/INIex71s9TL2Gm5FG/WG1SqXeKyZ0k7/blY/4FdOzI12CBy1vGc4og/eus0fw==",
      "dev": true,
      "license": "Apache-2.0",
      "bin": {
        "tsc": "bin/tsc",
        "tsserver": "bin/tsserver"
      },
      "engines": {
        "node": ">=14.17"
      }
    },
    "node_modules/undici-types": {
      "version": "6.21.0",
      "resolved": "https://registry.npmjs.org/undici-types/-/undici-types-6.21.0.tgz",
      "integrity": "sha512-iwDZqg0QAGrg9Rav5H4n0M64c3mkR59cJ6wQp+7C4nI0gsmExaedaYLNO44eT4AtBBwjbTiGPMlt2Md0T9H9JQ==",
      "dev": true,
      "license": "MIT"
    }
  }
}
